
Microsoft Visual Studio Solution File, Format Version 12.00
# Visual Studio Version 16
VisualStudioVersion = 16.0.29728.190
MinimumVisualStudioVersion = 10.0.40219.1
Project("{9A19103F-16F7-4668-BE54-9A1E7A4F7556}") = "OnlineStore.Identity", "OnlineStore.Identity\OnlineStore.Identity.csproj", "{9B99B21B-7B35-41C0-8E3E-F2AC1B4D10D3}"
EndProject
Project("{2150E333-8FDC-42A3-9474-1A3956D46DE8}") = "Common", "Common", "{39EBFA97-2A24-457D-9E92-A8D750EE394E}"
EndProject
Project("{9A19103F-16F7-4668-BE54-9A1E7A4F7556}") = "OnlineStore.Catalog", "OnlineStore.Catalog\OnlineStore.Catalog.csproj", "{305C0198-8438-41EE-B112-6CA6471AD232}"
EndProject
Project("{9A19103F-16F7-4668-BE54-9A1E7A4F7556}") = "OnlineStore.Common", "Common\OnlineStore.Common\OnlineStore.Common.csproj", "{F814EB53-9981-4583-BC5E-57A0A4CEEFAE}"
EndProject
Project("{9A19103F-16F7-4668-BE54-9A1E7A4F7556}") = "OnlineStore.JwtAuthentication", "Common\OnlineStore.JwtAuthentication\OnlineStore.JwtAuthentication.csproj", "{82FCE5F8-9584-43B4-A981-FC7BE8BC7943}"
EndProject
Project("{9A19103F-16F7-4668-BE54-9A1E7A4F7556}") = "OnlineStore.Ordering", "OnlineStore.Ordering\OnlineStore.Ordering.csproj", "{81F52DE9-768E-47A3-804D-A430629689B0}"
EndProject
Project("{9A19103F-16F7-4668-BE54-9A1E7A4F7556}") = "OnlineStore.Payment", "OnlineStore.Payment\OnlineStore.Payment.csproj", "{542F6F2F-0AFE-42C6-A591-3BB7A0411938}"
EndProject
Global
	GlobalSection(SolutionConfigurationPlatforms) = preSolution
		Debug|Any CPU = Debug|Any CPU
		Release|Any CPU = Release|Any CPU
	EndGlobalSection
	GlobalSection(ProjectConfigurationPlatforms) = postSolution
		{9B99B21B-7B35-41C0-8E3E-F2AC1B4D10D3}.Debug|Any CPU.ActiveCfg = Debug|Any CPU
		{9B99B21B-7B35-41C0-8E3E-F2AC1B4D10D3}.Debug|Any CPU.Build.0 = Debug|Any CPU
		{9B99B21B-7B35-41C0-8E3E-F2AC1B4D10D3}.Release|Any CPU.ActiveCfg = Release|Any CPU
		{9B99B21B-7B35-41C0-8E3E-F2AC1B4D10D3}.Release|Any CPU.Build.0 = Release|Any CPU
		{305C0198-8438-41EE-B112-6CA6471AD232}.Debug|Any CPU.ActiveCfg = Debug|Any CPU
		{305C0198-8438-41EE-B112-6CA6471AD232}.Debug|Any CPU.Build.0 = Debug|Any CPU
		{305C0198-8438-41EE-B112-6CA6471AD232}.Release|Any CPU.ActiveCfg = Release|Any CPU
		{305C0198-8438-41EE-B112-6CA6471AD232}.Release|Any CPU.Build.0 = Release|Any CPU
		{F814EB53-9981-4583-BC5E-57A0A4CEEFAE}.Debug|Any CPU.ActiveCfg = Debug|Any CPU
		{F814EB53-9981-4583-BC5E-57A0A4CEEFAE}.Debug|Any CPU.Build.0 = Debug|Any CPU
		{F814EB53-9981-4583-BC5E-57A0A4CEEFAE}.Release|Any CPU.ActiveCfg = Release|Any CPU
		{F814EB53-9981-4583-BC5E-57A0A4CEEFAE}.Release|Any CPU.Build.0 = Release|Any CPU
		{82FCE5F8-9584-43B4-A981-FC7BE8BC7943}.Debug|Any CPU.ActiveCfg = Debug|Any CPU
		{82FCE5F8-9584-43B4-A981-FC7BE8BC7943}.Debug|Any CPU.Build.0 = Debug|Any CPU
		{82FCE5F8-9584-43B4-A981-FC7BE8BC7943}.Release|Any CPU.ActiveCfg = Release|Any CPU
		{82FCE5F8-9584-43B4-A981-FC7BE8BC7943}.Release|Any CPU.Build.0 = Release|Any CPU
		{81F52DE9-768E-47A3-804D-A430629689B0}.Debug|Any CPU.ActiveCfg = Debug|Any CPU
		{81F52DE9-768E-47A3-804D-A430629689B0}.Debug|Any CPU.Build.0 = Debug|Any CPU
		{81F52DE9-768E-47A3-804D-A430629689B0}.Release|Any CPU.ActiveCfg = Release|Any CPU
		{81F52DE9-768E-47A3-804D-A430629689B0}.Release|Any CPU.Build.0 = Release|Any CPU
		{542F6F2F-0AFE-42C6-A591-3BB7A0411938}.Debug|Any CPU.ActiveCfg = Debug|Any CPU
		{542F6F2F-0AFE-42C6-A591-3BB7A0411938}.Debug|Any CPU.Build.0 = Debug|Any CPU
		{542F6F2F-0AFE-42C6-A591-3BB7A0411938}.Release|Any CPU.ActiveCfg = Release|Any CPU
		{542F6F2F-0AFE-42C6-A591-3BB7A0411938}.Release|Any CPU.Build.0 = Release|Any CPU
	EndGlobalSection
	GlobalSection(SolutionProperties) = preSolution
		HideSolutionNode = FALSE
	EndGlobalSection
	GlobalSection(NestedProjects) = preSolution
		{F814EB53-9981-4583-BC5E-57A0A4CEEFAE} = {39EBFA97-2A24-457D-9E92-A8D750EE394E}
		{82FCE5F8-9584-43B4-A981-FC7BE8BC7943} = {39EBFA97-2A24-457D-9E92-A8D750EE394E}
	EndGlobalSection
	GlobalSection(ExtensibilityGlobals) = postSolution
		SolutionGuid = {E196A50F-2BCD-4248-8530-C06C89720DFF}
	EndGlobalSection
EndGlobal
